{
    "_readme": [
        "This file locks the dependencies of your project to a known state",
        "Read more about it at https://getcomposer.org/doc/01-basic-usage.md#composer-lock-the-lock-file",
        "This file is @generated automatically"
    ],
    "hash": "079e7ad9a296fe8641b63e2348cfe7a9",
    "content-hash": "6a3cb6abec7a161c57a92d507d81ff4d",
    "packages": [
        {
            "name": "ehsanm94/damev",
            "version": "dev-master",
            "source": {
                "type": "git",
                "url": "https://github.com/ehsanm94/damev.git",
                "reference": "4a2b8e108e877242f1a2de8969a7f9ee4ec864ea"
            },
            "dist": {
                "type": "zip",
                "url": "https://api.github.com/repos/ehsanm94/damev/zipball/4a2b8e108e877242f1a2de8969a7f9ee4ec864ea",
                "reference": "4a2b8e108e877242f1a2de8969a7f9ee4ec864ea",
                "shasum": ""
            },
            "require": {
                "php": ">=5.3.0"
            },
            "type": "library",
            "autoload": {
                "psr-4": {
                    "Damev\\": "src/"
                }
            },
            "notification-url": "https://packagist.org/downloads/",
            "license": [
                "MIT"
            ],
            "authors": [
                {
                    "name": "Ehsan Mokhtari",
                    "email": "ehsanm94@gmail.com"
                }
            ],
            "description": "Jalali date/time + add event to each day",
            "time": "2016-10-24 13:30:44"
        },
        {
            "name": "ehsanm94/zardak",
            "version": "dev-master",
            "source": {
                "type": "git",
                "url": "https://github.com/ehsanm94/zardak.git",
                "reference": "d66d614a591b556faeecd6fed31e21cef338cb1a"
            },
            "dist": {
                "type": "zip",
                "url": "https://api.github.com/repos/ehsanm94/zardak/zipball/d66d614a591b556faeecd6fed31e21cef338cb1a",
                "reference": "d66d614a591b556faeecd6fed31e21cef338cb1a",
                "shasum": ""
            },
            "require": {
                "php": ">=5.3.0"
            },
            "type": "library",
            "autoload": {
                "psr-4": {
                    "Zardak\\": "src/"
                }
            },
            "notification-url": "https://packagist.org/downloads/",
            "license": [
                "MIT"
            ],
            "authors": [
                {
                    "name": "Ehsan Mokhtari",
                    "email": "ehsanm94@gmail.com"
                }
            ],
            "description": "A beautiful, simple and personal PHP MVC framework",
            "time": "2016-11-14 23:08:19"
        },
        {
            "name": "vlucas/phpdotenv",
            "version": "v2.4.0",
            "source": {
                "type": "git",
                "url": "https://github.com/vlucas/phpdotenv.git",
                "reference": "3cc116adbe4b11be5ec557bf1d24dc5e3a21d18c"
            },
            "dist": {
                "type": "zip",
                "url": "https://api.github.com/repos/vlucas/phpdotenv/zipball/3cc116adbe4b11be5ec557bf1d24dc5e3a21d18c",
                "reference": "3cc116adbe4b11be5ec557bf1d24dc5e3a21d18c",
                "shasum": ""
            },
            "require": {
                "php": ">=5.3.9"
            },
            "require-dev": {
                "phpunit/phpunit": "^4.8 || ^5.0"
            },
            "type": "library",
            "extra": {
                "branch-alias": {
                    "dev-master": "2.4-dev"
                }
            },
            "autoload": {
                "psr-4": {
                    "Dotenv\\": "src/"
                }
            },
            "notification-url": "https://packagist.org/downloads/",
            "license": [
                "BSD-3-Clause-Attribution"
            ],
            "authors": [
                {
                    "name": "Vance Lucas",
                    "email": "vance@vancelucas.com",
                    "homepage": "http://www.vancelucas.com"
                }
            ],
            "description": "Loads environment variables from `.env` to `getenv()`, `$_ENV` and `$_SERVER` automagically.",
            "keywords": [
                "dotenv",
                "env",
                "environment"
            ],
            "time": "2016-09-01 10:05:43"
        }
    ],
    "packages-dev": [],
    "aliases": [],
    "minimum-stability": "stable",
    "stability-flags": {
        "ehsanm94/zardak": 20,
        "ehsanm94/damev": 20
    },
    "prefer-stable": false,
    "prefer-lowest": false,
    "platform": [],
    "platform-dev": []
}
